version = 1
revision = 3
requires-python = ">=3.12"
resolution-markers = [
    "python_full_version >= '3.14' and sys_platform == 'win32'",
    "python_full_version >= '3.14' and sys_platform == 'emscripten'",
    "python_full_version >= '3.14' and sys_platform != 'emscripten' and sys_platform != 'win32'",
    "python_full_version < '3.14' and sys_platform == 'win32'",
    "python_full_version < '3.14' and sys_platform == 'emscripten'",
    "python_full_version < '3.14' and sys_platform != 'emscripten' and sys_platform != 'win32'",
]

[[package]]
name = "altgraph"
version = "0.17.5"
source = { registry = "https://pypi.org/simple" }
sdist = { url = "https://files.pythonhosted.org/packages/7e/f8/97fdf103f38fed6792a1601dbc16cc8aac56e7459a9fff08c812d8ae177a/altgraph-0.17.5.tar.gz", hash = "sha256:c87b395dd12fabde9c99573a9749d67da8d29ef9de0125c7f536699b4a9bc9e7", size = 48428, upload-time = "2025-11-21T20:35:50.583Z" }
wheels = [
    { url = "https://files.pythonhosted.org/packages/a9/ba/000a1996d4308bc65120167c21241a3b205464a2e0b58deda26ae8ac21d1/altgraph-0.17.5-py2.py3-none-any.whl", hash = "sha256:f3a22400bce1b0c701683820ac4f3b159cd301acab067c51c653e06961600597", size = 21228, upload-time = "2025-11-21T20:35:49.444Z" },
]

[[package]]
name = "beaupy"
version = "3.12.0"
source = { registry = "https://pypi.org/simple" }
dependencies = [
    { name = "emoji" },
    { name = "python-yakh" },
    { name = "questo" },
    { name = "rich" },
]
sdist = { url = "https://files.pythonhosted.org/packages/80/65/6e501a432db02adb3c974473d73360880878797fbe25405c08024fa76bce/beaupy-3.12.0.tar.gz", hash = "sha256:e0ca6d2356b611ae734c8cf97b28ed9e3bb941d3207af2426e182da836a385d6", size = 16671, upload-time = "2026-05-21T19:10:01.649Z" }
wheels = [
    { url = "https://files.pythonhosted.org/packages/5f/91/645739784ac1cda4eb4dfaeb7b31aa0fe949499e517c0a9616341bb8201d/beaupy-3.12.0-py3-none-any.whl", hash = "sha256:b3c1451c81ae329f91b27688faac0ae0f7ccbefc5ee97967a888582000d477c9", size = 15007, upload-time = "2026-05-21T19:10:00.595Z" },
]

[[package]]
name = "dearpygui"
version = "2.3.1"
source = { registry = "https://pypi.org/simple" }
wheels = [
    { url = "https://files.pythonhosted.org/packages/20/f1/6f30c7eafa25755105d0c26049a95c89cc5c82b68971e1cc8ffea36b748a/dearpygui-2.3.1-cp312-cp312-macosx_13_0_arm64.whl", hash = "sha256:6b1efd675a358176b3b76c039587a543d407d8fbb2cc3643a527e0ab7c0f5577", size = 2002717, upload-time = "2026-05-01T22:46:00.242Z" },
    { url = "https://files.pythonhosted.org/packages/cc/03/fa76c31087b6ebbc13948de6d9d3bc9ed9946824b13d9d1089356b54249c/dearpygui-2.3.1-cp312-cp312-manylinux1_x86_64.whl", hash = "sha256:364b5b6a0953999fec764d529d9bb0b2cc6ab6ed06188e0ded28237c1475ca98", size = 2678552, upload-time = "2026-05-01T22:46:07.502Z" },
    { url = "https://files.pythonhosted.org/packages/f2/ef/657ec68a79664cd28d98d590eed85103c6ffc1e23e7d3c4e5aedb7ee887d/dearpygui-2.3.1-cp312-cp312-manylinux2014_aarch64.whl", hash = "sha256:199dffebda245c9f59aa7c10c3b7f62963237c5f744150ad9be409b27a2661d3", size = 2501224, upload-time = "2026-05-01T22:46:18.8Z" },
    { url = "https://files.pythonhosted.org/packages/77/be/e67e5a04439f15e60cf596092a31b2a907272288954e47f5ced43c0b1678/dearpygui-2.3.1-cp312-cp312-win_amd64.whl", hash = "sha256:26ed9197cdb30099c665bd1b23724e0dba60ad06b71344ecca7e52748c21874b", size = 1882080, upload-time = "2026-05-01T22:45:49.366Z" },
    { url = "https://files.pythonhosted.org/packages/42/db/56a293ad392b8dafdd3eb1a0c4d367efbde99aa6930359685fe270984dd1/dearpygui-2.3.1-cp313-cp313-macosx_13_0_arm64.whl", hash = "sha256:d2d29e72b031886893b32269e1478eff1fd651512e6c2bceda91059c3bc8ee0e", size = 2002694, upload-time = "2026-05-01T22:46:01.425Z" },
    { url = "https://files.pythonhosted.org/packages/cc/e0/df598671f40a7fffb8390946115d9e9cf12d3f4a52f5b9381bddc5699aee/dearpygui-2.3.1-cp313-cp313-manylinux1_x86_64.whl", hash = "sha256:e3f64c8d4cae68a3b5be1b7531d08400ccbf1e4ff03c7acfc85954f98993f864", size = 2678564, upload-time = "2026-05-01T22:46:08.706Z" },
    { url = "https://files.pythonhosted.org/packages/d0/d1/87cfb577d4a1615e809e2f6e0fd720bd4ad6cd25e365ef2fd08a6e09c86e/dearpygui-2.3.1-cp313-cp313-manylinux2014_aarch64.whl", hash = "sha256:0d8b7a5a04cd4a6e25dbf162aa0405cf12143a1c82b33e371c20e5ba8d9349f3", size = 2503196, upload-time = "2026-05-01T22:46:20.276Z" },
    { url = "https://files.pythonhosted.org/packages/b3/38/05f74181a59353bdc927b6ec46333714f633c5755f3d4bcda34d6eb100a5/dearpygui-2.3.1-cp313-cp313-win_amd64.whl", hash = "sha256:7946722c50f1e08866dfdb78eb33dd4e67dea1a3cfe4400b159e1c96861116dc", size = 1882082, upload-time = "2026-05-01T22:45:50.915Z" },
    { url = "https://files.pythonhosted.org/packages/4a/08/68ce3ba941cf09bcf288f2603d7178c936d473172fd545e0665b885cb840/dearpygui-2.3.1-cp314-cp314-macosx_13_0_arm64.whl", hash = "sha256:e2cbabd8d383308ea3520360e100d1e95c9a957cd26247431cd4920b23c3b56e", size = 2003034, upload-time = "2026-05-01T22:46:02.736Z" },
    { url = "https://files.pythonhosted.org/packages/f3/3f/ac003b6d636c9f5aae910a62d00b6c119403212cf2d7772d7c59ca8ef6dd/dearpygui-2.3.1-cp314-cp314-manylinux1_x86_64.whl", hash = "sha256:953442c7272e57f3686e393edc5cf6ce73cc2f47142739735dfabed403e33770", size = 2678545, upload-time = "2026-05-01T22:46:10.181Z" },
    { url = "https://files.pythonhosted.org/packages/1a/6b/657a2f1e2f604f356c39ed5b870aaed5d07fdeac3139fae2a455473b64ca/dearpygui-2.3.1-cp314-cp314-manylinux2014_aarch64.whl", hash = "sha256:43a561b5dc589944a3a2b469e5e68f1ab35ae38b3dcdf1f813ed9d6e024153f8", size = 2501699, upload-time = "2026-05-01T22:46:21.497Z" },
    { url = "https://files.pythonhosted.org/packages/8c/56/93b2310891589063e0226cb07fe05e08fbdb3f409f80f9edefb1cebea84e/dearpygui-2.3.1-cp314-cp314-win_amd64.whl", hash = "sha256:272cc52c66bc5a4a332f13a3af5e603070d47ca7cc4976e6a8c247594e2b3dd0", size = 1943067, upload-time = "2026-05-01T22:45:52.255Z" },
]

[[package]]
name = "emoji"
version = "2.15.0"
source = { registry = "https://pypi.org/simple" }
sdist = { url = "https://files.pythonhosted.org/packages/a2/78/0d2db9382c92a163d7095fc08efff7800880f830a152cfced40161e7638d/emoji-2.15.0.tar.gz", hash = "sha256:eae4ab7d86456a70a00a985125a03263a5eac54cd55e51d7e184b1ed3b6757e4", size = 615483, upload-time = "2025-09-21T12:13:02.755Z" }
wheels = [
    { url = "https://files.pythonhosted.org/packages/e1/5e/4b5aaaabddfacfe36ba7768817bd1f71a7a810a43705e531f3ae4c690767/emoji-2.15.0-py3-none-any.whl", hash = "sha256:205296793d66a89d88af4688fa57fd6496732eb48917a87175a023c8138995eb", size = 608433, upload-time = "2025-09-21T12:13:01.197Z" },
]

[[package]]
name = "macholib"
version = "1.16.4"
source = { registry = "https://pypi.org/simple" }
dependencies = [
    { name = "altgraph", marker = "sys_platform != 'emscripten' and sys_platform != 'win32'" },
]
sdist = { url = "https://files.pythonhosted.org/packages/10/2f/97589876ea967487978071c9042518d28b958d87b17dceb7cdc1d881f963/macholib-1.16.4.tar.gz", hash = "sha256:f408c93ab2e995cd2c46e34fe328b130404be143469e41bc366c807448979362", size = 59427, upload-time = "2025-11-22T08:28:38.373Z" }
wheels = [
    { url = "https://files.pythonhosted.org/packages/c7/d1/a9f36f8ecdf0fb7c9b1e78c8d7af12b8c8754e74851ac7b94a8305540fc7/macholib-1.16.4-py2.py3-none-any.whl", hash = "sha256:da1a3fa8266e30f0ce7e97c6a54eefaae8edd1e5f86f3eb8b95457cae90265ea", size = 38117, upload-time = "2025-11-22T08:28:36.939Z" },
]

[[package]]
name = "markdown-it-py"
version = "4.2.0"
source = { registry = "https://pypi.org/simple" }
dependencies = [
    { name = "mdurl" },
]
sdist = { url = "https://files.pythonhosted.org/packages/06/ff/7841249c247aa650a76b9ee4bbaeae59370dc8bfd2f6c01f3630c35eb134/markdown_it_py-4.2.0.tar.gz", hash = "sha256:04a21681d6fbb623de53f6f364d352309d4094dd4194040a10fd51833e418d49", size = 82454, upload-time = "2026-05-07T12:08:28.36Z" }
wheels = [
    { url = "https://files.pythonhosted.org/packages/b3/81/4da04ced5a082363ecfa159c010d200ecbd959ae410c10c0264a38cac0f5/markdown_it_py-4.2.0-py3-none-any.whl", hash = "sha256:9f7ebbcd14fe59494226453aed97c1070d83f8d24b6fc3a3bcf9a38092641c4a", size = 91687, upload-time = "2026-05-07T12:08:27.182Z" },
]

[[package]]
name = "mdurl"
version = "0.1.2"
source = { registry = "https://pypi.org/simple" }
sdist = { url = "https://files.pythonhosted.org/packages/d6/54/cfe61301667036ec958cb99bd3efefba235e65cdeb9c84d24a8293ba1d90/mdurl-0.1.2.tar.gz", hash = "sha256:bb413d29f5eea38f31dd4754dd7377d4465116fb207585f97bf925588687c1ba", size = 8729, upload-time = "2022-08-14T12:40:10.846Z" }
wheels = [
    { url = "https://files.pythonhosted.org/packages/b3/38/89ba8ad64ae25be8de66a6d463314cf1eb366222074cfda9ee839c56a4b4/mdurl-0.1.2-py3-none-any.whl", hash = "sha256:84008a41e51615a49fc9966191ff91509e3c40b939176e643fd50a5c2196b8f8", size = 9979, upload-time = "2022-08-14T12:40:09.779Z" },
]

[[package]]
name = "packaging"
version = "26.2"
source = { registry = "https://pypi.org/simple" }
sdist = { url = "https://files.pythonhosted.org/packages/d7/f1/e7a6dd94a8d4a5626c03e4e99c87f241ba9e350cd9e6d75123f992427270/packaging-26.2.tar.gz", hash = "sha256:ff452ff5a3e828ce110190feff1178bb1f2ea2281fa2075aadb987c2fb221661", size = 228134, upload-time = "2026-04-24T20:15:23.917Z" }
wheels = [
    { url = "https://files.pythonhosted.org/packages/df/b2/87e62e8c3e2f4b32e5fe99e0b86d576da1312593b39f47d8ceef365e95ed/packaging-26.2-py3-none-any.whl", hash = "sha256:5fc45236b9446107ff2415ce77c807cee2862cb6fac22b8a73826d0693b0980e", size = 100195, upload-time = "2026-04-24T20:15:22.081Z" },
]

[[package]]
name = "pefile"
version = "2024.8.26"
source = { registry = "https://pypi.org/simple" }
sdist = { url = "https://files.pythonhosted.org/packages/03/4f/2750f7f6f025a1507cd3b7218691671eecfd0bbebebe8b39aa0fe1d360b8/pefile-2024.8.26.tar.gz", hash = "sha256:3ff6c5d8b43e8c37bb6e6dd5085658d658a7a0bdcd20b6a07b1fcfc1c4e9d632", size = 76008, upload-time = "2024-08-26T20:58:38.155Z" }
wheels = [
    { url = "https://files.pythonhosted.org/packages/54/16/12b82f791c7f50ddec566873d5bdd245baa1491bac11d15ffb98aecc8f8b/pefile-2024.8.26-py3-none-any.whl", hash = "sha256:76f8b485dcd3b1bb8166f1128d395fa3d87af26360c2358fb75b80019b957c6f", size = 74766, upload-time = "2024-08-26T21:01:02.632Z" },
]

[[package]]
name = "pygments"
version = "2.20.0"
source = { registry = "https://pypi.org/simple" }
sdist = { url = "https://files.pythonhosted.org/packages/c3/b2/bc9c9196916376152d655522fdcebac55e66de6603a76a02bca1b6414f6c/pygments-2.20.0.tar.gz", hash = "sha256:6757cd03768053ff99f3039c1a36d6c0aa0b263438fcab17520b30a303a82b5f", size = 4955991, upload-time = "2026-03-29T13:29:33.898Z" }
wheels = [
    { url = "https://files.pythonhosted.org/packages/f4/7e/a72dd26f3b0f4f2bf1dd8923c85f7ceb43172af56d63c7383eb62b332364/pygments-2.20.0-py3-none-any.whl", hash = "sha256:81a9e26dd42fd28a23a2d169d86d7ac03b46e2f8b59ed4698fb4785f946d0176", size = 1231151, upload-time = "2026-03-29T13:29:30.038Z" },
]

[[package]]
name = "pyinstaller"
version = "6.21.0"
source = { registry = "https://pypi.org/simple" }
dependencies = [
    { name = "altgraph" },
    { name = "macholib", marker = "sys_platform == 'darwin'" },
    { name = "packaging" },
    { name = "pefile", marker = "sys_platform == 'win32'" },
    { name = "pyinstaller-hooks-contrib" },
    { name = "pywin32-ctypes", marker = "sys_platform == 'win32'" },
    { name = "setuptools" },
]
sdist = { url = "https://files.pythonhosted.org/packages/d5/4d/ec706c3fcf39e26888c35b39615ff4d5865d184069666c47492cff1fbe50/pyinstaller-6.21.0.tar.gz", hash = "sha256:bb9fab705983e393a2d1cac77d6972513057ad800215fd861dc15ff5272e98fd", size = 4061519, upload-time = "2026-06-13T14:15:06.25Z" }
wheels = [
    { url = "https://files.pythonhosted.org/packages/0c/4a/53cf98bf66daed012dc9cd78c8203f19a675d696f2fc12afcf8c5049a0e0/pyinstaller-6.21.0-py3-none-macosx_10_13_universal2.whl", hash = "sha256:327d132389f37912609e01be62810cf96b5aa95b613903e4b8692e0d12fb0eda", size = 1052350, upload-time = "2026-06-13T14:13:55.88Z" },
    { url = "https://files.pythonhosted.org/packages/30/83/b591295c352ef464c50b4c6ffff1c4f771d875c9e833f578d1b9f564f6b3/pyinstaller-6.21.0-py3-none-manylinux2014_aarch64.whl", hash = "sha256:7071d4b094d5b40deeef5fa3d3b98a1b846087f7562b49209663d5f9281fe251", size = 748477, upload-time = "2026-06-13T14:14:00.327Z" },
    { url = "https://files.pythonhosted.org/packages/3d/8f/88fff4e403873b1e22286911350e75ff00db014aa08e57045da9d4328993/pyinstaller-6.21.0-py3-none-manylinux2014_i686.whl", hash = "sha256:6b6374d652107dd4a2eeece903ff82bb4045bb5e1006c5a158a6dcdbefe84bf2", size = 760877, upload-time = "2026-06-13T14:14:04.836Z" },
    { url = "https://files.pythonhosted.org/packages/8a/13/f0e48fbdfd1d05d948157121cea8b1b823dcb89efe6934b71fdd8bdb3f0f/pyinstaller-6.21.0-py3-none-manylinux2014_ppc64le.whl", hash = "sha256:4e3108b3f02384560da70e39b8bf22b0ad597d02bd68a40d76ea91c1cfa00cad", size = 759194, upload-time = "2026-06-13T14:14:10.61Z" },
    { url = "https://files.pythonhosted.org/packages/dd/d5/ea7878cf9924ed30d946d8288777424e6d069d94f5bde56b4d0890069664/pyinstaller-6.21.0-py3-none-manylinux2014_s390x.whl", hash = "sha256:697532279f535ad572bda613db4f821540e235c7854ca6da4d3bf0373f4415ee", size = 754979, upload-time = "2026-06-13T14:14:15.226Z" },
    { url = "https://files.pythonhosted.org/packages/9f/09/51b8905714b733bac66dbc041a7821372d70d888d273ae474c4037d4202d/pyinstaller-6.21.0-py3-none-manylinux2014_x86_64.whl", hash = "sha256:605169523a6b5ace39f13dfbff21add9f2bc43df99c7daf9394fefb2c45e8b6f", size = 754812, upload-time = "2026-06-13T14:14:20.264Z" },
    { url = "https://files.pythonhosted.org/packages/4b/43/d77779439d8c6c2e27a77bcfbd1d5cc0f568ebb611bb472b11af81b5f177/pyinstaller-6.21.0-py3-none-musllinux_1_1_aarch64.whl", hash = "sha256:5fa56746c1e76f93634d018502301378a2d0c382553d37d8c3c34ff436c12dd1", size = 753887, upload-time = "2026-06-13T14:14:25.268Z" },
    { url = "https://files.pythonhosted.org/packages/51/8f/c22df1f6837784ac349057ba693f08e7b1ca7a0e06f9c33c63bc6280007b/pyinstaller-6.21.0-py3-none-musllinux_1_1_x86_64.whl", hash = "sha256:42395ec76df8e8120c36b13339d9db8cab83e316a12839ee303cc00fc941bb74", size = 753779, upload-time = "2026-06-13T14:14:29.445Z" },
    { url = "https://files.pythonhosted.org/packages/c9/76/1ce8a27ce62ba8cf3a87c9ce6d575610f4e55d7cb0123e7512fc3f4b921a/pyinstaller-6.21.0-py3-none-win32.whl", hash = "sha256:c6b28d30d8fd99ce162ff3aab5013ed44dbfb747566b1f01b9bed7964d7c14e9", size = 1336462, upload-time = "2026-06-13T14:14:35.785Z" },
    { url = "https://files.pythonhosted.org/packages/c1/fa/ca1d7e5257dd8566a9dfc0dfb02f8a8075eeb53d4b2d3c579f1276759042/pyinstaller-6.21.0-py3-none-win_amd64.whl", hash = "sha256:7fae06c494ce0ebfe6bd3055c0e409def884f63af2e3705d06bd431ad9237fc7", size = 1397487, upload-time = "2026-06-13T14:14:42.328Z" },
    { url = "https://files.pythonhosted.org/packages/dc/75/21b51523ce8d96629b71311775a0a65f5f5a872124ab0de33e5c848f8bff/pyinstaller-6.21.0-py3-none-win_arm64.whl", hash = "sha256:f13c95c9c03fb567217135919f93815c305813126780b0ed6e0123cb8acaf025", size = 1346094, upload-time = "2026-06-13T14:14:48.914Z" },
]

[[package]]
name = "pyinstaller-hooks-contrib"
version = "2026.6"
source = { registry = "https://pypi.org/simple" }
dependencies = [
    { name = "packaging" },
]
sdist = { url = "https://files.pythonhosted.org/packages/94/5b/c9fe0db5e83ee1c39b2258fa21d23b15e1a60786b6c5990ee5074ead8bb6/pyinstaller_hooks_contrib-2026.6.tar.gz", hash = "sha256:bef5002c32f4f50bd55b005da12cff64eca8783e7eaf86a06a62410164bab725", size = 173354, upload-time = "2026-06-08T22:37:16.152Z" }
wheels = [
    { url = "https://files.pythonhosted.org/packages/e7/31/f2d7343d8ed5f7c4678377886f6ce533e6eaaa131b252ce950114c2a7efa/pyinstaller_hooks_contrib-2026.6-py3-none-any.whl", hash = "sha256:fd13b8ac126b35361175edacd41a0d97080b75dd5f4b594ecefefff969509dd3", size = 457159, upload-time = "2026-06-08T22:37:14.722Z" },
]

[[package]]
name = "python-yakh"
version = "0.4.1"
source = { registry = "https://pypi.org/simple" }
sdist = { url = "https://files.pythonhosted.org/packages/d2/77/bbff0a1e6fb03b8cc2cc373a44cfbbb4fd22863c657f8630f4a0f5eb207c/python_yakh-0.4.1.tar.gz", hash = "sha256:da03e800b4f2f5d85344f1668e852687c12dc1a99a03c65cf3dc13a3680da49d", size = 3988, upload-time = "2025-01-14T18:08:15.767Z" }
wheels = [
    { url = "https://files.pythonhosted.org/packages/22/42/72571b24514b5f59c328f12e5294b246958951b889fac2bd5321e08a4bab/python_yakh-0.4.1-py3-none-any.whl", hash = "sha256:d69507e13e03d09cefd88030f74b6d5369b67de004be975a35be28eb286122e4", size = 5826, upload-time = "2025-01-14T18:08:13.618Z" },
]

[[package]]
name = "pywin32"
version = "312"
source = { registry = "https://pypi.org/simple" }
wheels = [
    { url = "https://files.pythonhosted.org/packages/83/ff/32aa7d2ed0ab12b323aaa64f9b75e6ad4f8fd09f9ccfc28c79414d46838d/pywin32-312-cp312-cp312-win32.whl", hash = "sha256:dab4f65ac9c4e48400a2a0530c46c3c579cd5905ecd11b80692373915269208b", size = 6371877, upload-time = "2026-06-04T07:49:28.836Z" },
    { url = "https://files.pythonhosted.org/packages/03/d9/77040d3b43df3f3be32ea289433d660d2727f5ba327bc73be835127d9d60/pywin32-312-cp312-cp312-win_amd64.whl", hash = "sha256:b457f6d628a47e8a7346ce22acb7e1a46a4a78b52e1d17e1af56871bd19a93bc", size = 6914841, upload-time = "2026-06-04T07:49:31.85Z" },
    { url = "https://files.pythonhosted.org/packages/e3/cc/7b1ec671775756020a0ee7f4feeaf3c568f0ab86bd3900088cf986937a92/pywin32-312-cp312-cp312-win_arm64.whl", hash = "sha256:6017c58e12f6809fbb0555b75df144c2922a9ffd18e4b9b5afa863b6c1a9d950", size = 6727901, upload-time = "2026-06-04T07:49:34.244Z" },
    { url = "https://files.pythonhosted.org/packages/2d/41/12fbfd7f36ed2146d8bc9de96c2741296bf0d490b98508496cff322e274c/pywin32-312-cp313-cp313-win32.whl", hash = "sha256:7a27df850933d16a8eabfbaeb73d52b273e2da667f80d70b01a89d1f6828d02c", size = 6370184, upload-time = "2026-06-04T07:49:36.253Z" },
    { url = "https://files.pythonhosted.org/packages/ba/db/36a78e3403099d31d9746d13fdcde5accc43c1155f375a34d15983a479a7/pywin32-312-cp313-cp313-win_amd64.whl", hash = "sha256:c53e878d15a1c44788082bfe712a905433473aa38f86375b7cf8b45e3acbaaf9", size = 6914298, upload-time = "2026-06-04T07:49:38.876Z" },
    { url = "https://files.pythonhosted.org/packages/84/37/c1697194092b76de9ed47ca124323f02c57ffc8a45c06f88a3d5acaf01eb/pywin32-312-cp313-cp313-win_arm64.whl", hash = "sha256:59aba5d5940842075343a5ddc6b11f1cdf0d1567fe745290359dfbcc7c2eb831", size = 6727640, upload-time = "2026-06-04T07:49:41.083Z" },
    { url = "https://files.pythonhosted.org/packages/fc/2b/1f3cded5822fd49c02f40544cbb5f58c7cfd6b1694869fd476cb6170ee97/pywin32-312-cp314-cp314-win32.whl", hash = "sha256:a77a90fbb6881238d2ca9c6fd797b25817f3768fe78d214a90137ff055a75f5b", size = 6468928, upload-time = "2026-06-04T07:49:43.188Z" },
    { url = "https://files.pythonhosted.org/packages/21/82/3bf86d2e2808902013132e1ce905a7da0da53790f3836c64bf44d55e24f3/pywin32-312-cp314-cp314-win_amd64.whl", hash = "sha256:a4dd3a848290ef724347b19f301045831d8e802fa4464f491b98b1e0a081432e", size = 7024157, upload-time = "2026-06-04T07:49:45.34Z" },
    { url = "https://files.pythonhosted.org/packages/a4/0e/73f6d6800b4f27655abd9e9f6aaeaefcddb2b946e4674efa2bab184a7f7b/pywin32-312-cp314-cp314-win_arm64.whl", hash = "sha256:9fce94568364e0155e6dfb781ac5d95903be8baf28670632beab1b523f300daa", size = 6839598, upload-time = "2026-06-04T07:49:47.613Z" },
    { url = "https://files.pythonhosted.org/packages/eb/61/caa39686032d2ebdd04ff0ab5cbe163126c0066d98e00c9018646e42393b/pywin32-312-cp315-cp315-win32.whl", hash = "sha256:5c1fbe4a937a73ae9297384a3da38518cbc694c68ad8a809b2e19acd350f03ed", size = 6471159, upload-time = "2026-06-04T07:49:50.035Z" },
    { url = "https://files.pythonhosted.org/packages/0f/cd/7e1de64a4a6f69c04214169657ccab0d93a670ea50e35eb8f489d7378249/pywin32-312-cp315-cp315-win_amd64.whl", hash = "sha256:c2f03a0f73f804a13c2735b99392b0cd426bb4f2c4d0178e5ac966a0f21618d5", size = 7025293, upload-time = "2026-06-04T07:49:54.857Z" },
    { url = "https://files.pythonhosted.org/packages/23/ed/4532e9388e65fa16b46776ef47ad631a64eda1631884488af707666350ed/pywin32-312-cp315-cp315-win_arm64.whl", hash = "sha256:a8597d28f267b39074aef51fa593530082b39cbe5a074226096857b1fed2dfb9", size = 6840337, upload-time = "2026-06-04T07:49:57.531Z" },
]

[[package]]
name = "pywin32-ctypes"
version = "0.2.3"
source = { registry = "https://pypi.org/simple" }
sdist = { url = "https://files.pythonhosted.org/packages/85/9f/01a1a99704853cb63f253eea009390c88e7131c67e66a0a02099a8c917cb/pywin32-ctypes-0.2.3.tar.gz", hash = "sha256:d162dc04946d704503b2edc4d55f3dba5c1d539ead017afa00142c38b9885755", size = 29471, upload-time = "2024-08-14T10:15:34.626Z" }
wheels = [
    { url = "https://files.pythonhosted.org/packages/de/3d/8161f7711c017e01ac9f008dfddd9410dff3674334c233bde66e7ba65bbf/pywin32_ctypes-0.2.3-py3-none-any.whl", hash = "sha256:8a1513379d709975552d202d942d9837758905c8d01eb82b8bcc30918929e7b8", size = 30756, upload-time = "2024-08-14T10:15:33.187Z" },
]

[[package]]
name = "questo"
version = "0.4.2"
source = { registry = "https://pypi.org/simple" }
dependencies = [
    { name = "python-yakh" },
    { name = "rich" },
]
sdist = { url = "https://files.pythonhosted.org/packages/a8/e6/4a86ccd5710c2fddae92786f15f2c69637b417905ff239d7424b55e342cb/questo-0.4.2.tar.gz", hash = "sha256:bcc917c2f1a65872e2bd02e79e226a716fd2d68a1ebe0d23c1828aa116aa6da6", size = 10474, upload-time = "2025-11-30T13:08:59.403Z" }
wheels = [
    { url = "https://files.pythonhosted.org/packages/04/9e/2669ac7d718539a3783c3a6c440b3440b68193b59d763d7f89d33c0b1e8e/questo-0.4.2-py3-none-any.whl", hash = "sha256:1afce34a638601b54fbd697e99e7551813fafb513fe523165394eb12f9607b43", size = 12442, upload-time = "2025-11-30T13:08:57.602Z" },
]

[[package]]
name = "rich"
version = "15.0.0"
source = { registry = "https://pypi.org/simple" }
dependencies = [
    { name = "markdown-it-py" },
    { name = "pygments" },
]
sdist = { url = "https://files.pythonhosted.org/packages/c0/8f/0722ca900cc807c13a6a0c696dacf35430f72e0ec571c4275d2371fca3e9/rich-15.0.0.tar.gz", hash = "sha256:edd07a4824c6b40189fb7ac9bc4c52536e9780fbbfbddf6f1e2502c31b068c36", size = 230680, upload-time = "2026-04-12T08:24:00.75Z" }
wheels = [
    { url = "https://files.pythonhosted.org/packages/82/3b/64d4899d73f91ba49a8c18a8ff3f0ea8f1c1d75481760df8c68ef5235bf5/rich-15.0.0-py3-none-any.whl", hash = "sha256:33bd4ef74232fb73fe9279a257718407f169c09b78a87ad3d296f548e27de0bb", size = 310654, upload-time = "2026-04-12T08:24:02.83Z" },
]

[[package]]
name = "setuptools"
version = "83.0.0"
source = { registry = "https://pypi.org/simple" }
sdist = { url = "https://files.pythonhosted.org/packages/34/26/f5d29e25ffdb535afef2d35cdb55b325298f96debd670da4c325e08d70f4/setuptools-83.0.0.tar.gz", hash = "sha256:025bccbbf0fa05b6192bc64ae1e7b16e001fd6d6d4d5de03c97b1c1ade523bef", size = 1154254, upload-time = "2026-07-04T15:31:22.699Z" }
wheels = [
    { url = "https://files.pythonhosted.org/packages/5d/40/e1e72872c6354b306daef1703549e8e83b4d43cfea356311bf722a043752/setuptools-83.0.0-py3-none-any.whl", hash = "sha256:29b23c360f22f414dc7336bb39178cc7bcbf6021ed2733cde173f09dba19abb3", size = 1008090, upload-time = "2026-07-04T15:31:20.885Z" },
]

[[package]]
name = "xlsx-clean"
version = "0.3.0"
source = { editable = "." }
dependencies = [
    { name = "beaupy" },
    { name = "dearpygui" },
    { name = "pywin32", marker = "sys_platform == 'win32'" },
]

[package.optional-dependencies]
desktop = [
    { name = "pyinstaller" },
]

[package.metadata]
requires-dist = [
    { name = "beaupy", specifier = ">=3.12.0" },
    { name = "dearpygui", specifier = ">=2.0.0" },
    { name = "pyinstaller", marker = "extra == 'desktop'", specifier = ">=6.21.0" },
    { name = "pywin32", marker = "sys_platform == 'win32'", specifier = ">=312" },
]
provides-extras = ["desktop"]
